
Microsoft Visual Studio Solution File, Format Version 11.00
# Visual Studio 2010
Project("{FAE04EC0-301F-11D3-BF4B-00C04F79EFBC}") = "Domain", "Domain\Domain.csproj", "{201B023E-DCCE-4B91-B6AA-A517338071F2}"
EndProject
Project("{FAE04EC0-301F-11D3-BF4B-00C04F79EFBC}") = "WebFormsApp", "WebFormsApp\WebFormsApp.csproj", "{1A4436A5-AFB0-400D-A439-88585522518C}"
EndProject
Global
	GlobalSection(SolutionConfigurationPlatforms) = preSolution
		Debug|Any CPU = Debug|Any CPU
		Release|Any CPU = Release|Any CPU
	EndGlobalSection
	GlobalSection(ProjectConfigurationPlatforms) = postSolution
		{201B023E-DCCE-4B91-B6AA-A517338071F2}.Debug|Any CPU.ActiveCfg = Debug|Any CPU
		{201B023E-DCCE-4B91-B6AA-A517338071F2}.Debug|Any CPU.Build.0 = Debug|Any CPU
		{201B023E-DCCE-4B91-B6AA-A517338071F2}.Release|Any CPU.ActiveCfg = Release|Any CPU
		{201B023E-DCCE-4B91-B6AA-A517338071F2}.Release|Any CPU.Build.0 = Release|Any CPU
		{1A4436A5-AFB0-400D-A439-88585522518C}.Debug|Any CPU.ActiveCfg = Debug|Any CPU
		{1A4436A5-AFB0-400D-A439-88585522518C}.Debug|Any CPU.Build.0 = Debug|Any CPU
		{1A4436A5-AFB0-400D-A439-88585522518C}.Release|Any CPU.ActiveCfg = Release|Any CPU
		{1A4436A5-AFB0-400D-A439-88585522518C}.Release|Any CPU.Build.0 = Release|Any CPU
	EndGlobalSection
	GlobalSection(SolutionProperties) = preSolution
		HideSolutionNode = FALSE
	EndGlobalSection
EndGlobal
